// !$*UTF8*$!
{
	archiveVersion = 1;
	classes = {
	};
	objectVersion = 51;
	objects = {

/* Begin PBXBuildFile section */
		0CE3D659A11D71B0C88352A3 /* Pods_Pixels.framework in Frameworks */ = {isa = PBXBuildFile; fileRef = EED6220032A6C76298537BC0 /* Pods_Pixels.framework */; };
		44D7D0C82450462A005CA062 /* FetchImageModel.swift in Sources */ = {isa = PBXBuildFile; fileRef = 44D7D0C72450462A005CA062 /* FetchImageModel.swift */; };
		44D7D0CA24505D31005CA062 /* Constants.swift in Sources */ = {isa = PBXBuildFile; fileRef = 44D7D0C924505D31005CA062 /* Constants.swift */; };
		44D7D0CC24506470005CA062 /* structures.swift in Sources */ = {isa = PBXBuildFile; fileRef = 44D7D0CB24506470005CA062 /* structures.swift */; };
		44D7D0CE2450669C005CA062 /* UIImageView.swift in Sources */ = {isa = PBXBuildFile; fileRef = 44D7D0CD2450669C005CA062 /* UIImageView.swift */; };
		44E7807C244DCAF700491EF7 /* AppDelegate.swift in Sources */ = {isa = PBXBuildFile; fileRef = 44E7807B244DCAF700491EF7 /* AppDelegate.swift */; };
		44E7807E244DCAF700491EF7 /* SceneDelegate.swift in Sources */ = {isa = PBXBuildFile; fileRef = 44E7807D244DCAF700491EF7 /* SceneDelegate.swift */; };
		44E78085244DCAFA00491EF7 /* Assets.xcassets in Resources */ = {isa = PBXBuildFile; fileRef = 44E78084244DCAFA00491EF7 /* Assets.xcassets */; };
		44E78088244DCAFA00491EF7 /* LaunchScreen.storyboard in Resources */ = {isa = PBXBuildFile; fileRef = 44E78086244DCAFA00491EF7 /* LaunchScreen.storyboard */; };
		44E78093244DCBEA00491EF7 /* OnboardingViewController.swift in Sources */ = {isa = PBXBuildFile; fileRef = 44E78092244DCBEA00491EF7 /* OnboardingViewController.swift */; };
		44E78096244DCDA900491EF7 /* UIView.swift in Sources */ = {isa = PBXBuildFile; fileRef = 44E78095244DCDA900491EF7 /* UIView.swift */; };
		44E78098244DCED500491EF7 /* OnboardingCollectionViewCell.swift in Sources */ = {isa = PBXBuildFile; fileRef = 44E78097244DCED500491EF7 /* OnboardingCollectionViewCell.swift */; };
		44F0B31F244EA727008A5C1F /* HomeViewController.swift in Sources */ = {isa = PBXBuildFile; fileRef = 44F0B31E244EA727008A5C1F /* HomeViewController.swift */; };
		44F0B321244EAA8E008A5C1F /* HeaderView.swift in Sources */ = {isa = PBXBuildFile; fileRef = 44F0B320244EAA8E008A5C1F /* HeaderView.swift */; };
		44F0B325244EBE11008A5C1F /* ImageCategoryCollectionViewCell.swift in Sources */ = {isa = PBXBuildFile; fileRef = 44F0B324244EBE11008A5C1F /* ImageCategoryCollectionViewCell.swift */; };
		44F0B327244EC1A5008A5C1F /* String.swift in Sources */ = {isa = PBXBuildFile; fileRef = 44F0B326244EC1A5008A5C1F /* String.swift */; };
		44F0B32A244EF2DF008A5C1F /* CustomLayout.swift in Sources */ = {isa = PBXBuildFile; fileRef = 44F0B329244EF2DF008A5C1F /* CustomLayout.swift */; };
		44F0B32C244EF340008A5C1F /* ImageCollectionViewCell.swift in Sources */ = {isa = PBXBuildFile; fileRef = 44F0B32B244EF340008A5C1F /* ImageCollectionViewCell.swift */; };
		44F0B32E244EF5B6008A5C1F /* UIImage.swift in Sources */ = {isa = PBXBuildFile; fileRef = 44F0B32D244EF5B6008A5C1F /* UIImage.swift */; };
		44F0B330244F2484008A5C1F /* ImagePreviewViewController.swift in Sources */ = {isa = PBXBuildFile; fileRef = 44F0B32F244F2484008A5C1F /* ImagePreviewViewController.swift */; };
		44F0B332244FEE35008A5C1F /* SearchViewController.swift in Sources */ = {isa = PBXBuildFile; fileRef = 44F0B331244FEE35008A5C1F /* SearchViewController.swift */; };
		44F0B334244FF073008A5C1F /* CategoryViewController.swift in Sources */ = {isa = PBXBuildFile; fileRef = 44F0B333244FF073008A5C1F /* CategoryViewController.swift */; };
/* End PBXBuildFile section */

/* Begin PBXFileReference section */
		44D7D0C72450462A005CA062 /* FetchImageModel.swift */ = {isa = PBXFileReference; lastKnownFileType = sourcecode.swift; path = FetchImageModel.swift; sourceTree = "<group>"; };
		44D7D0C924505D31005CA062 /* Constants.swift */ = {isa = PBXFileReference; lastKnownFileType = sourcecode.swift; path = Constants.swift; sourceTree = "<group>"; };
		44D7D0CB24506470005CA062 /* structures.swift */ = {isa = PBXFileReference; lastKnownFileType = sourcecode.swift; path = structures.swift; sourceTree = "<group>"; };
		44D7D0CD2450669C005CA062 /* UIImageView.swift */ = {isa = PBXFileReference; lastKnownFileType = sourcecode.swift; path = UIImageView.swift; sourceTree = "<group>"; };
		44E78078244DCAF700491EF7 /* Pixels.app */ = {isa = PBXFileReference; explicitFileType = wrapper.application; includeInIndex = 0; path = Pixels.app; sourceTree = BUILT_PRODUCTS_DIR; };
		44E7807B244DCAF700491EF7 /* AppDelegate.swift */ = {isa = PBXFileReference; lastKnownFileType = sourcecode.swift; path = AppDelegate.swift; sourceTree = "<group>"; };
		44E7807D244DCAF700491EF7 /* SceneDelegate.swift */ = {isa = PBXFileReference; lastKnownFileType = sourcecode.swift; path = SceneDelegate.swift; sourceTree = "<group>"; };
		44E78084244DCAFA00491EF7 /* Assets.xcassets */ = {isa = PBXFileReference; lastKnownFileType = folder.assetcatalog; path = Assets.xcassets; sourceTree = "<group>"; };
		44E78087244DCAFA00491EF7 /* Base */ = {isa = PBXFileReference; lastKnownFileType = file.storyboard; name = Base; path = Base.lproj/LaunchScreen.storyboard; sourceTree = "<group>"; };
		44E78089244DCAFA00491EF7 /* Info.plist */ = {isa = PBXFileReference; lastKnownFileType = text.plist.xml; path = Info.plist; sourceTree = "<group>"; };
		44E78092244DCBEA00491EF7 /* OnboardingViewController.swift */ = {isa = PBXFileReference; lastKnownFileType = sourcecode.swift; path = OnboardingViewController.swift; sourceTree = "<group>"; };
		44E78095244DCDA900491EF7 /* UIView.swift */ = {isa = PBXFileReference; lastKnownFileType = sourcecode.swift; path = UIView.swift; sourceTree = "<group>"; };
		44E78097244DCED500491EF7 /* OnboardingCollectionViewCell.swift */ = {isa = PBXFileReference; lastKnownFileType = sourcecode.swift; path = OnboardingCollectionViewCell.swift; sourceTree = "<group>"; };
		44F0B31E244EA727008A5C1F /* HomeViewController.swift */ = {isa = PBXFileReference; lastKnownFileType = sourcecode.swift; path = HomeViewController.swift; sourceTree = "<group>"; };
		44F0B320244EAA8E008A5C1F /* HeaderView.swift */ = {isa = PBXFileReference; lastKnownFileType = sourcecode.swift; path = HeaderView.swift; sourceTree = "<group>"; };
		44F0B324244EBE11008A5C1F /* ImageCategoryCollectionViewCell.swift */ = {isa = PBXFileReference; lastKnownFileType = sourcecode.swift; path = ImageCategoryCollectionViewCell.swift; sourceTree = "<group>"; };
		44F0B326244EC1A5008A5C1F /* String.swift */ = {isa = PBXFileReference; lastKnownFileType = sourcecode.swift; path = String.swift; sourceTree = "<group>"; };
		44F0B329244EF2DF008A5C1F /* CustomLayout.swift */ = {isa = PBXFileReference; lastKnownFileType = sourcecode.swift; path = CustomLayout.swift; sourceTree = "<group>"; };
		44F0B32B244EF340008A5C1F /* ImageCollectionViewCell.swift */ = {isa = PBXFileReference; lastKnownFileType = sourcecode.swift; path = ImageCollectionViewCell.swift; sourceTree = "<group>"; };
		44F0B32D244EF5B6008A5C1F /* UIImage.swift */ = {isa = PBXFileReference; lastKnownFileType = sourcecode.swift; path = UIImage.swift; sourceTree = "<group>"; };
		44F0B32F244F2484008A5C1F /* ImagePreviewViewController.swift */ = {isa = PBXFileReference; lastKnownFileType = sourcecode.swift; path = ImagePreviewViewController.swift; sourceTree = "<group>"; };
		44F0B331244FEE35008A5C1F /* SearchViewController.swift */ = {isa = PBXFileReference; lastKnownFileType = sourcecode.swift; path = SearchViewController.swift; sourceTree = "<group>"; };
		44F0B333244FF073008A5C1F /* CategoryViewController.swift */ = {isa = PBXFileReference; lastKnownFileType = sourcecode.swift; path = CategoryViewController.swift; sourceTree = "<group>"; };
		B115FB5CCECCC4BF6090F48B /* Pods-Pixels.release.xcconfig */ = {isa = PBXFileReference; includeInIndex = 1; lastKnownFileType = text.xcconfig; name = "Pods-Pixels.release.xcconfig"; path = "Target Support Files/Pods-Pixels/Pods-Pixels.release.xcconfig"; sourceTree = "<group>"; };
		CEA0B64ABDB8C086B2BAF12D /* Pods-Pixels.debug.xcconfig */ = {isa = PBXFileReference; includeInIndex = 1; lastKnownFileType = text.xcconfig; name = "Pods-Pixels.debug.xcconfig"; path = "Target Support Files/Pods-Pixels/Pods-Pixels.debug.xcconfig"; sourceTree = "<group>"; };
		EED6220032A6C76298537BC0 /* Pods_Pixels.framework */ = {isa = PBXFileReference; explicitFileType = wrapper.framework; includeInIndex = 0; path = Pods_Pixels.framework; sourceTree = BUILT_PRODUCTS_DIR; };
/* End PBXFileReference section */

/* Begin PBXFrameworksBuildPhase section */
		44E78075244DCAF700491EF7 /* Frameworks */ = {
			isa = PBXFrameworksBuildPhase;
			buildActionMask = 2147483647;
			files = (
				0CE3D659A11D71B0C88352A3 /* Pods_Pixels.framework in Frameworks */,
			);
			runOnlyForDeploymentPostprocessing = 0;
		};
/* End PBXFrameworksBuildPhase section */

/* Begin PBXGroup section */
		44E7806F244DCAF700491EF7 = {
			isa = PBXGroup;
			children = (
				44E7807A244DCAF700491EF7 /* Pixels */,
				44E78079244DCAF700491EF7 /* Products */,
				B724E8D32BAA77A73CC5A58D /* Pods */,
				7EB2547125A124F16B1AD715 /* Frameworks */,
			);
			sourceTree = "<group>";
		};
		44E78079244DCAF700491EF7 /* Products */ = {
			isa = PBXGroup;
			children = (
				44E78078244DCAF700491EF7 /* Pixels.app */,
			);
			name = Products;
			sourceTree = "<group>";
		};
		44E7807A244DCAF700491EF7 /* Pixels */ = {
			isa = PBXGroup;
			children = (
				44E78094244DCCC100491EF7 /* Utilities */,
				44E78091244DCBCE00491EF7 /* Model */,
				44E78090244DCBC000491EF7 /* View */,
				44E7808F244DCBB800491EF7 /* Controller */,
				44E7807B244DCAF700491EF7 /* AppDelegate.swift */,
				44E7807D244DCAF700491EF7 /* SceneDelegate.swift */,
				44E78084244DCAFA00491EF7 /* Assets.xcassets */,
				44E78086244DCAFA00491EF7 /* LaunchScreen.storyboard */,
				44E78089244DCAFA00491EF7 /* Info.plist */,
			);
			path = Pixels;
			sourceTree = "<group>";
		};
		44E7808F244DCBB800491EF7 /* Controller */ = {
			isa = PBXGroup;
			children = (
				44E78092244DCBEA00491EF7 /* OnboardingViewController.swift */,
				44F0B31E244EA727008A5C1F /* HomeViewController.swift */,
				44F0B32F244F2484008A5C1F /* ImagePreviewViewController.swift */,
				44F0B331244FEE35008A5C1F /* SearchViewController.swift */,
				44F0B333244FF073008A5C1F /* CategoryViewController.swift */,
			);
			path = Controller;
			sourceTree = "<group>";
		};
		44E78090244DCBC000491EF7 /* View */ = {
			isa = PBXGroup;
			children = (
				44E78097244DCED500491EF7 /* OnboardingCollectionViewCell.swift */,
				44F0B320244EAA8E008A5C1F /* HeaderView.swift */,
				44F0B324244EBE11008A5C1F /* ImageCategoryCollectionViewCell.swift */,
				44F0B32B244EF340008A5C1F /* ImageCollectionViewCell.swift */,
			);
			path = View;
			sourceTree = "<group>";
		};
		44E78091244DCBCE00491EF7 /* Model */ = {
			isa = PBXGroup;
			children = (
				44D7D0C72450462A005CA062 /* FetchImageModel.swift */,
			);
			path = Model;
			sourceTree = "<group>";
		};
		44E78094244DCCC100491EF7 /* Utilities */ = {
			isa = PBXGroup;
			children = (
				44F0B328244EF2CE008A5C1F /* Layout */,
				44E78095244DCDA900491EF7 /* UIView.swift */,
				44F0B326244EC1A5008A5C1F /* String.swift */,
				44F0B32D244EF5B6008A5C1F /* UIImage.swift */,
				44D7D0C924505D31005CA062 /* Constants.swift */,
				44D7D0CB24506470005CA062 /* structures.swift */,
				44D7D0CD2450669C005CA062 /* UIImageView.swift */,
			);
			path = Utilities;
			sourceTree = "<group>";
		};
		44F0B328244EF2CE008A5C1F /* Layout */ = {
			isa = PBXGroup;
			children = (
				44F0B329244EF2DF008A5C1F /* CustomLayout.swift */,
			);
			path = Layout;
			sourceTree = "<group>";
		};
		7EB2547125A124F16B1AD715 /* Frameworks */ = {
			isa = PBXGroup;
			children = (
				EED6220032A6C76298537BC0 /* Pods_Pixels.framework */,
			);
			name = Frameworks;
			sourceTree = "<group>";
		};
		B724E8D32BAA77A73CC5A58D /* Pods */ = {
			isa = PBXGroup;
			children = (
				CEA0B64ABDB8C086B2BAF12D /* Pods-Pixels.debug.xcconfig */,
				B115FB5CCECCC4BF6090F48B /* Pods-Pixels.release.xcconfig */,
			);
			path = Pods;
			sourceTree = "<group>";
		};
/* End PBXGroup section */

/* Begin PBXNativeTarget section */
		44E78077244DCAF700491EF7 /* Pixels */ = {
			isa = PBXNativeTarget;
			buildConfigurationList = 44E7808C244DCAFA00491EF7 /* Build configuration list for PBXNativeTarget "Pixels" */;
			buildPhases = (
				9F9B8C5423F79605DD691091 /* [CP] Check Pods Manifest.lock */,
				44E78074244DCAF700491EF7 /* Sources */,
				44E78075244DCAF700491EF7 /* Frameworks */,
				44E78076244DCAF700491EF7 /* Resources */,
				7258180633753A7A1A81BBA6 /* [CP] Embed Pods Frameworks */,
			);
			buildRules = (
			);
			dependencies = (
			);
			name = Pixels;
			productName = Pixels;
			productReference = 44E78078244DCAF700491EF7 /* Pixels.app */;
			productType = "com.apple.product-type.application";
		};
/* End PBXNativeTarget section */

/* Begin PBXProject section */
		44E78070244DCAF700491EF7 /* Project object */ = {
			isa = PBXProject;
			attributes = {
				LastSwiftUpdateCheck = 1100;
				LastUpgradeCheck = 1100;
				ORGANIZATIONNAME = "Dheeraj Kumar Sharma";
				TargetAttributes = {
					44E78077244DCAF700491EF7 = {
						CreatedOnToolsVersion = 11.0;
					};
				};
			};
			buildConfigurationList = 44E78073244DCAF700491EF7 /* Build configuration list for PBXProject "Pixels" */;
			compatibilityVersion = "Xcode 9.3";
			developmentRegion = en;
			hasScannedForEncodings = 0;
			knownRegions = (
				en,
				Base,
			);
			mainGroup = 44E7806F244DCAF700491EF7;
			productRefGroup = 44E78079244DCAF700491EF7 /* Products */;
			projectDirPath = "";
			projectRoot = "";
			targets = (
				44E78077244DCAF700491EF7 /* Pixels */,
			);
		};
/* End PBXProject section */

/* Begin PBXResourcesBuildPhase section */
		44E78076244DCAF700491EF7 /* Resources */ = {
			isa = PBXResourcesBuildPhase;
			buildActionMask = 2147483647;
			files = (
				44E78088244DCAFA00491EF7 /* LaunchScreen.storyboard in Resources */,
				44E78085244DCAFA00491EF7 /* Assets.xcassets in Resources */,
			);
			runOnlyForDeploymentPostprocessing = 0;
		};
/* End PBXResourcesBuildPhase section */

/* Begin PBXShellScriptBuildPhase section */
		7258180633753A7A1A81BBA6 /* [CP] Embed Pods Frameworks */ = {
			isa = PBXShellScriptBuildPhase;
			buildActionMask = 2147483647;
			files = (
			);
			inputFileListPaths = (
				"${PODS_ROOT}/Target Support Files/Pods-Pixels/Pods-Pixels-frameworks-${CONFIGURATION}-input-files.xcfilelist",
			);
			name = "[CP] Embed Pods Frameworks";
			outputFileListPaths = (
				"${PODS_ROOT}/Target Support Files/Pods-Pixels/Pods-Pixels-frameworks-${CONFIGURATION}-output-files.xcfilelist",
			);
			runOnlyForDeploymentPostprocessing = 0;
			shellPath = /bin/sh;
			shellScript = "\"${PODS_ROOT}/Target Support Files/Pods-Pixels/Pods-Pixels-frameworks.sh\"\n";
			showEnvVarsInLog = 0;
		};
		9F9B8C5423F79605DD691091 /* [CP] Check Pods Manifest.lock */ = {
			isa = PBXShellScriptBuildPhase;
			buildActionMask = 2147483647;
			files = (
			);
			inputFileListPaths = (
			);
			inputPaths = (
				"${PODS_PODFILE_DIR_PATH}/Podfile.lock",
				"${PODS_ROOT}/Manifest.lock",
			);
			name = "[CP] Check Pods Manifest.lock";
			outputFileListPaths = (
			);
			outputPaths = (
				"$(DERIVED_FILE_DIR)/Pods-Pixels-checkManifestLockResult.txt",
			);
			runOnlyForDeploymentPostprocessing = 0;
			shellPath = /bin/sh;
			shellScript = "diff \"${PODS_PODFILE_DIR_PATH}/Podfile.lock\" \"${PODS_ROOT}/Manifest.lock\" > /dev/null\nif [ $? != 0 ] ; then\n    # print error to STDERR\n    echo \"error: The sandbox is not in sync with the Podfile.lock. Run 'pod install' or update your CocoaPods installation.\" >&2\n    exit 1\nfi\n# This output is used by Xcode 'outputs' to avoid re-running this script phase.\necho \"SUCCESS\" > \"${SCRIPT_OUTPUT_FILE_0}\"\n";
			showEnvVarsInLog = 0;
		};
/* End PBXShellScriptBuildPhase section */

/* Begin PBXSourcesBuildPhase section */
		44E78074244DCAF700491EF7 /* Sources */ = {
			isa = PBXSourcesBuildPhase;
			buildActionMask = 2147483647;
			files = (
				44F0B325244EBE11008A5C1F /* ImageCategoryCollectionViewCell.swift in Sources */,
				44D7D0CA24505D31005CA062 /* Constants.swift in Sources */,
				44F0B32C244EF340008A5C1F /* ImageCollectionViewCell.swift in Sources */,
				44E78096244DCDA900491EF7 /* UIView.swift in Sources */,
				44E7807C244DCAF700491EF7 /* AppDelegate.swift in Sources */,
				44D7D0CC24506470005CA062 /* structures.swift in Sources */,
				44F0B327244EC1A5008A5C1F /* String.swift in Sources */,
				44D7D0C82450462A005CA062 /* FetchImageModel.swift in Sources */,
				44E78098244DCED500491EF7 /* OnboardingCollectionViewCell.swift in Sources */,
				44E78093244DCBEA00491EF7 /* OnboardingViewController.swift in Sources */,
				44F0B32A244EF2DF008A5C1F /* CustomLayout.swift in Sources */,
				44F0B332244FEE35008A5C1F /* SearchViewController.swift in Sources */,
				44D7D0CE2450669C005CA062 /* UIImageView.swift in Sources */,
				44E7807E244DCAF700491EF7 /* SceneDelegate.swift in Sources */,
				44F0B334244FF073008A5C1F /* CategoryViewController.swift in Sources */,
				44F0B32E244EF5B6008A5C1F /* UIImage.swift in Sources */,
				44F0B31F244EA727008A5C1F /* HomeViewController.swift in Sources */,
				44F0B330244F2484008A5C1F /* ImagePreviewViewController.swift in Sources */,
				44F0B321244EAA8E008A5C1F /* HeaderView.swift in Sources */,
			);
			runOnlyForDeploymentPostprocessing = 0;
		};
/* End PBXSourcesBuildPhase section */

/* Begin PBXVariantGroup section */
		44E78086244DCAFA00491EF7 /* LaunchScreen.storyboard */ = {
			isa = PBXVariantGroup;
			children = (
				44E78087244DCAFA00491EF7 /* Base */,
			);
			name = LaunchScreen.storyboard;
			sourceTree = "<group>";
		};
/* End PBXVariantGroup section */

/* Begin XCBuildConfiguration section */
		44E7808A244DCAFA00491EF7 /* Debug */ = {
			isa = XCBuildConfiguration;
			buildSettings = {
				ALWAYS_SEARCH_USER_PATHS = NO;
				CLANG_ANALYZER_NONNULL = YES;
				CLANG_ANALYZER_NUMBER_OBJECT_CONVERSION = YES_AGGRESSIVE;
				CLANG_CXX_LANGUAGE_STANDARD = "gnu++14";
				CLANG_CXX_LIBRARY = "libc++";
				CLANG_ENABLE_MODULES = YES;
				CLANG_ENABLE_OBJC_ARC = YES;
				CLANG_ENABLE_OBJC_WEAK = YES;
				CLANG_WARN_BLOCK_CAPTURE_AUTORELEASING = YES;
				CLANG_WARN_BOOL_CONVERSION = YES;
				CLANG_WARN_COMMA = YES;
				CLANG_WARN_CONSTANT_CONVERSION = YES;
				CLANG_WARN_DEPRECATED_OBJC_IMPLEMENTATIONS = YES;
				CLANG_WARN_DIRECT_OBJC_ISA_USAGE = YES_ERROR;
				CLANG_WARN_DOCUMENTATION_COMMENTS = YES;
				CLANG_WARN_EMPTY_BODY = YES;
				CLANG_WARN_ENUM_CONVERSION = YES;
				CLANG_WARN_INFINITE_RECURSION = YES;
				CLANG_WARN_INT_CONVERSION = YES;
				CLANG_WARN_NON_LITERAL_NULL_CONVERSION = YES;
				CLANG_WARN_OBJC_IMPLICIT_RETAIN_SELF = YES;
				CLANG_WARN_OBJC_LITERAL_CONVERSION = YES;
				CLANG_WARN_OBJC_ROOT_CLASS = YES_ERROR;
				CLANG_WARN_RANGE_LOOP_ANALYSIS = YES;
				CLANG_WARN_STRICT_PROTOTYPES = YES;
				CLANG_WARN_SUSPICIOUS_MOVE = YES;
				CLANG_WARN_UNGUARDED_AVAILABILITY = YES_AGGRESSIVE;
				CLANG_WARN_UNREACHABLE_CODE = YES;
				CLANG_WARN__DUPLICATE_METHOD_MATCH = YES;
				COPY_PHASE_STRIP = NO;
				DEBUG_INFORMATION_FORMAT = dwarf;
				ENABLE_STRICT_OBJC_MSGSEND = YES;
				ENABLE_TESTABILITY = YES;
				GCC_C_LANGUAGE_STANDARD = gnu11;
				GCC_DYNAMIC_NO_PIC = NO;
				GCC_NO_COMMON_BLOCKS = YES;
				GCC_OPTIMIZATION_LEVEL = 0;
				GCC_PREPROCESSOR_DEFINITIONS = (
					"DEBUG=1",
					"$(inherited)",
				);
				GCC_WARN_64_TO_32_BIT_CONVERSION = YES;
				GCC_WARN_ABOUT_RETURN_TYPE = YES_ERROR;
				GCC_WARN_UNDECLARED_SELECTOR = YES;
				GCC_WARN_UNINITIALIZED_AUTOS = YES_AGGRESSIVE;
				GCC_WARN_UNUSED_FUNCTION = YES;
				GCC_WARN_UNUSED_VARIABLE = YES;
				IPHONEOS_DEPLOYMENT_TARGET = 13.0;
				MTL_ENABLE_DEBUG_INFO = INCLUDE_SOURCE;
				MTL_FAST_MATH = YES;
				ONLY_ACTIVE_ARCH = YES;
				SDKROOT = iphoneos;
				SWIFT_ACTIVE_COMPILATION_CONDITIONS = DEBUG;
				SWIFT_OPTIMIZATION_LEVEL = "-Onone";
			};
			name = Debug;
		};
		44E7808B244DCAFA00491EF7 /* Release */ = {
			isa = XCBuildConfiguration;
			buildSettings = {
				ALWAYS_SEARCH_USER_PATHS = NO;
				CLANG_ANALYZER_NONNULL = YES;
				CLANG_ANALYZER_NUMBER_OBJECT_CONVERSION = YES_AGGRESSIVE;
				CLANG_CXX_LANGUAGE_STANDARD = "gnu++14";
				CLANG_CXX_LIBRARY = "libc++";
				CLANG_ENABLE_MODULES = YES;
				CLANG_ENABLE_OBJC_ARC = YES;
				CLANG_ENABLE_OBJC_WEAK = YES;
				CLANG_WARN_BLOCK_CAPTURE_AUTORELEASING = YES;
				CLANG_WARN_BOOL_CONVERSION = YES;
				CLANG_WARN_COMMA = YES;
				CLANG_WARN_CONSTANT_CONVERSION = YES;
				CLANG_WARN_DEPRECATED_OBJC_IMPLEMENTATIONS = YES;
				CLANG_WARN_DIRECT_OBJC_ISA_USAGE = YES_ERROR;
				CLANG_WARN_DOCUMENTATION_COMMENTS = YES;
				CLANG_WARN_EMPTY_BODY = YES;
				CLANG_WARN_ENUM_CONVERSION = YES;
				CLANG_WARN_INFINITE_RECURSION = YES;
				CLANG_WARN_INT_CONVERSION = YES;
				CLANG_WARN_NON_LITERAL_NULL_CONVERSION = YES;
				CLANG_WARN_OBJC_IMPLICIT_RETAIN_SELF = YES;
				CLANG_WARN_OBJC_LITERAL_CONVERSION = YES;
				CLANG_WARN_OBJC_ROOT_CLASS = YES_ERROR;
				CLANG_WARN_RANGE_LOOP_ANALYSIS = YES;
				CLANG_WARN_STRICT_PROTOTYPES = YES;
				CLANG_WARN_SUSPICIOUS_MOVE = YES;
				CLANG_WARN_UNGUARDED_AVAILABILITY = YES_AGGRESSIVE;
				CLANG_WARN_UNREACHABLE_CODE = YES;
				CLANG_WARN__DUPLICATE_METHOD_MATCH = YES;
				COPY_PHASE_STRIP = NO;
				DEBUG_INFORMATION_FORMAT = "dwarf-with-dsym";
				ENABLE_NS_ASSERTIONS = NO;
				ENABLE_STRICT_OBJC_MSGSEND = YES;
				GCC_C_LANGUAGE_STANDARD = gnu11;
				GCC_NO_COMMON_BLOCKS = YES;
				GCC_WARN_64_TO_32_BIT_CONVERSION = YES;
				GCC_WARN_ABOUT_RETURN_TYPE = YES_ERROR;
				GCC_WARN_UNDECLARED_SELECTOR = YES;
				GCC_WARN_UNINITIALIZED_AUTOS = YES_AGGRESSIVE;
				GCC_WARN_UNUSED_FUNCTION = YES;
				GCC_WARN_UNUSED_VARIABLE = YES;
				IPHONEOS_DEPLOYMENT_TARGET = 13.0;
				MTL_ENABLE_DEBUG_INFO = NO;
				MTL_FAST_MATH = YES;
				SDKROOT = iphoneos;
				SWIFT_COMPILATION_MODE = wholemodule;
				SWIFT_OPTIMIZATION_LEVEL = "-O";
				VALIDATE_PRODUCT = YES;
			};
			name = Release;
		};
		44E7808D244DCAFA00491EF7 /* Debug */ = {
			isa = XCBuildConfiguration;
			baseConfigurationReference = CEA0B64ABDB8C086B2BAF12D /* Pods-Pixels.debug.xcconfig */;
			buildSettings = {
				ASSETCATALOG_COMPILER_APPICON_NAME = AppIcon;
				CODE_SIGN_STYLE = Automatic;
				DEVELOPMENT_TEAM = 9W5STY688V;
				INFOPLIST_FILE = Pixels/Info.plist;
				IPHONEOS_DEPLOYMENT_TARGET = 13.0;
				LD_RUNPATH_SEARCH_PATHS = (
					"$(inherited)",
					"@executable_path/Frameworks",
				);
				PRODUCT_BUNDLE_IDENTIFIER = dheerajdev.Pixels;
				PRODUCT_NAME = "$(TARGET_NAME)";
				SWIFT_VERSION = 5.0;
				TARGETED_DEVICE_FAMILY = 1;
			};
			name = Debug;
		};
		44E7808E244DCAFA00491EF7 /* Release */ = {
			isa = XCBuildConfiguration;
			baseConfigurationReference = B115FB5CCECCC4BF6090F48B /* Pods-Pixels.release.xcconfig */;
			buildSettings = {
				ASSETCATALOG_COMPILER_APPICON_NAME = AppIcon;
				CODE_SIGN_STYLE = Automatic;
				DEVELOPMENT_TEAM = 9W5STY688V;
				INFOPLIST_FILE = Pixels/Info.plist;
				IPHONEOS_DEPLOYMENT_TARGET = 13.0;
				LD_RUNPATH_SEARCH_PATHS = (
					"$(inherited)",
					"@executable_path/Frameworks",
				);
				PRODUCT_BUNDLE_IDENTIFIER = dheerajdev.Pixels;
				PRODUCT_NAME = "$(TARGET_NAME)";
				SWIFT_VERSION = 5.0;
				TARGETED_DEVICE_FAMILY = 1;
			};
			name = Release;
		};
/* End XCBuildConfiguration section */

/* Begin XCConfigurationList section */
		44E78073244DCAF700491EF7 /* Build configuration list for PBXProject "Pixels" */ = {
			isa = XCConfigurationList;
			buildConfigurations = (
				44E7808A244DCAFA00491EF7 /* Debug */,
				44E7808B244DCAFA00491EF7 /* Release */,
			);
			defaultConfigurationIsVisible = 0;
			defaultConfigurationName = Release;
		};
		44E7808C244DCAFA00491EF7 /* Build configuration list for PBXNativeTarget "Pixels" */ = {
			isa = XCConfigurationList;
			buildConfigurations = (
				44E7808D244DCAFA00491EF7 /* Debug */,
				44E7808E244DCAFA00491EF7 /* Release */,
			);
			defaultConfigurationIsVisible = 0;
			defaultConfigurationName = Release;
		};
/* End XCConfigurationList section */
	};
	rootObject = 44E78070244DCAF700491EF7 /* Project object */;
}
